
Microsoft Visual Studio Solution File, Format Version 12.00
# Visual Studio Version 17
VisualStudioVersion = 17.5.33516.290
MinimumVisualStudioVersion = 10.0.40219.1
Project("{FAE04EC0-301F-11D3-BF4B-00C04F79EFBC}") = "Simd", "Simd\Simd.csproj", "{84A87743-4AE3-421D-B19A-A1A61B70BF0D}"
EndProject
Project("{FAE04EC0-301F-11D3-BF4B-00C04F79EFBC}") = "SimdLib", "SimdLib\SimdLib.csproj", "{B3558A7E-D27C-4A06-9E71-B1DCAFA3E017}"
EndProject
Project("{FAE04EC0-301F-11D3-BF4B-00C04F79EFBC}") = "SimdTests", "SimdTests\SimdTests.csproj", "{31EFAE7C-0C04-4C63-8B1F-EE8305883CC8}"
EndProject
Global
	GlobalSection(SolutionConfigurationPlatforms) = preSolution
		Debug|Any CPU = Debug|Any CPU
		Release|Any CPU = Release|Any CPU
	EndGlobalSection
	GlobalSection(ProjectConfigurationPlatforms) = postSolution
		{84A87743-4AE3-421D-B19A-A1A61B70BF0D}.Debug|Any CPU.ActiveCfg = Debug|Any CPU
		{84A87743-4AE3-421D-B19A-A1A61B70BF0D}.Debug|Any CPU.Build.0 = Debug|Any CPU
		{84A87743-4AE3-421D-B19A-A1A61B70BF0D}.Release|Any CPU.ActiveCfg = Release|Any CPU
		{84A87743-4AE3-421D-B19A-A1A61B70BF0D}.Release|Any CPU.Build.0 = Release|Any CPU
		{B3558A7E-D27C-4A06-9E71-B1DCAFA3E017}.Debug|Any CPU.ActiveCfg = Debug|Any CPU
		{B3558A7E-D27C-4A06-9E71-B1DCAFA3E017}.Debug|Any CPU.Build.0 = Debug|Any CPU
		{B3558A7E-D27C-4A06-9E71-B1DCAFA3E017}.Release|Any CPU.ActiveCfg = Release|Any CPU
		{B3558A7E-D27C-4A06-9E71-B1DCAFA3E017}.Release|Any CPU.Build.0 = Release|Any CPU
		{31EFAE7C-0C04-4C63-8B1F-EE8305883CC8}.Debug|Any CPU.ActiveCfg = Debug|Any CPU
		{31EFAE7C-0C04-4C63-8B1F-EE8305883CC8}.Debug|Any CPU.Build.0 = Debug|Any CPU
		{31EFAE7C-0C04-4C63-8B1F-EE8305883CC8}.Release|Any CPU.ActiveCfg = Release|Any CPU
		{31EFAE7C-0C04-4C63-8B1F-EE8305883CC8}.Release|Any CPU.Build.0 = Release|Any CPU
	EndGlobalSection
	GlobalSection(SolutionProperties) = preSolution
		HideSolutionNode = FALSE
	EndGlobalSection
	GlobalSection(ExtensibilityGlobals) = postSolution
		SolutionGuid = {64E56D30-85D9-47C2-9970-865C24BDDB5B}
	EndGlobalSection
EndGlobal
